
Microsoft Visual Studio Solution File, Format Version 12.00
Project("{FAE04EC0-301F-11D3-BF4B-00C04F79EFBC}") = "Lab3", "Lab3\Lab3.csproj", "{D8030295-3A9E-4FC7-B9C8-02628BBF1EB8}"
EndProject
Project("{FAE04EC0-301F-11D3-BF4B-00C04F79EFBC}") = "La3-2", "La3-2\La3-2.csproj", "{ADD5D981-793B-4531-B763-8827156BF8E6}"
EndProject
Global
	GlobalSection(SolutionConfigurationPlatforms) = preSolution
		Debug|Any CPU = Debug|Any CPU
		Release|Any CPU = Release|Any CPU
	EndGlobalSection
	GlobalSection(ProjectConfigurationPlatforms) = postSolution
		{D8030295-3A9E-4FC7-B9C8-02628BBF1EB8}.Debug|Any CPU.ActiveCfg = Debug|Any CPU
		{D8030295-3A9E-4FC7-B9C8-02628BBF1EB8}.Debug|Any CPU.Build.0 = Debug|Any CPU
		{D8030295-3A9E-4FC7-B9C8-02628BBF1EB8}.Release|Any CPU.ActiveCfg = Release|Any CPU
		{D8030295-3A9E-4FC7-B9C8-02628BBF1EB8}.Release|Any CPU.Build.0 = Release|Any CPU
		{ADD5D981-793B-4531-B763-8827156BF8E6}.Debug|Any CPU.ActiveCfg = Debug|Any CPU
		{ADD5D981-793B-4531-B763-8827156BF8E6}.Debug|Any CPU.Build.0 = Debug|Any CPU
		{ADD5D981-793B-4531-B763-8827156BF8E6}.Release|Any CPU.ActiveCfg = Release|Any CPU
		{ADD5D981-793B-4531-B763-8827156BF8E6}.Release|Any CPU.Build.0 = Release|Any CPU
	EndGlobalSection
EndGlobal
